
Microsoft Visual Studio Solution File, Format Version 12.00
# Visual Studio Version 16
VisualStudioVersion = 16.0.30621.155
MinimumVisualStudioVersion = 10.0.40219.1
Project("{FAE04EC0-301F-11D3-BF4B-00C04F79EFBC}") = "RocketLeague", "RocketLeague\RocketLeague.csproj", "{4FCD32EC-386E-4A8C-BA64-33A601CD00B1}"
EndProject
Global
	GlobalSection(SolutionConfigurationPlatforms) = preSolution
		Debug|Any CPU = Debug|Any CPU
		Release|Any CPU = Release|Any CPU
	EndGlobalSection
	GlobalSection(ProjectConfigurationPlatforms) = postSolution
		{4FCD32EC-386E-4A8C-BA64-33A601CD00B1}.Debug|Any CPU.ActiveCfg = Debug|Any CPU
		{4FCD32EC-386E-4A8C-BA64-33A601CD00B1}.Debug|Any CPU.Build.0 = Debug|Any CPU
		{4FCD32EC-386E-4A8C-BA64-33A601CD00B1}.Release|Any CPU.ActiveCfg = Release|Any CPU
		{4FCD32EC-386E-4A8C-BA64-33A601CD00B1}.Release|Any CPU.Build.0 = Release|Any CPU
	EndGlobalSection
	GlobalSection(SolutionProperties) = preSolution
		HideSolutionNode = FALSE
	EndGlobalSection
	GlobalSection(ExtensibilityGlobals) = postSolution
		SolutionGuid = {8B73628F-8DB1-421E-9351-21B7647BE23F}
	EndGlobalSection
EndGlobal
